
Microsoft Visual Studio Solution File, Format Version 12.00
# Visual Studio Version 17
VisualStudioVersion = 17.7.34202.233
MinimumVisualStudioVersion = 10.0.40219.1
Project("{FAE04EC0-301F-11D3-BF4B-00C04F79EFBC}") = "WebApiNet5", "WebApiNet5\WebApiNet5.csproj", "{5AC2D212-A55E-4C11-A1AF-A43E80C92E53}"
EndProject
Global
	GlobalSection(SolutionConfigurationPlatforms) = preSolution
		Debug|Any CPU = Debug|Any CPU
		Release|Any CPU = Release|Any CPU
	EndGlobalSection
	GlobalSection(ProjectConfigurationPlatforms) = postSolution
		{5AC2D212-A55E-4C11-A1AF-A43E80C92E53}.Debug|Any CPU.ActiveCfg = Debug|Any CPU
		{5AC2D212-A55E-4C11-A1AF-A43E80C92E53}.Debug|Any CPU.Build.0 = Debug|Any CPU
		{5AC2D212-A55E-4C11-A1AF-A43E80C92E53}.Release|Any CPU.ActiveCfg = Release|Any CPU
		{5AC2D212-A55E-4C11-A1AF-A43E80C92E53}.Release|Any CPU.Build.0 = Release|Any CPU
	EndGlobalSection
	GlobalSection(SolutionProperties) = preSolution
		HideSolutionNode = FALSE
	EndGlobalSection
	GlobalSection(ExtensibilityGlobals) = postSolution
		SolutionGuid = {29E09BFF-3866-4B23-B456-B501A815DB02}
	EndGlobalSection
EndGlobal
